
Microsoft Visual Studio Solution File, Format Version 12.00
# Visual Studio Version 17
VisualStudioVersion = 17.3.32901.215
MinimumVisualStudioVersion = 10.0.40219.1
Project("{9A19103F-16F7-4668-BE54-9A1E7A4F7556}") = "ASI-DotNet-API_V2", "ASI-DotNet-API_V2\ASI-DotNet-API_V2.csproj", "{3DB84722-2367-4A21-B7A0-8C9BC62A5B6F}"
EndProject
Project("{FAE04EC0-301F-11D3-BF4B-00C04F79EFBC}") = "ASI-DotNet-API_V2Tests", "ASI-DotNet-API_V2Tests\ASI-DotNet-API_V2Tests.csproj", "{730A7284-59FA-417F-9B5B-8653920C4FDE}"
EndProject
Global
	GlobalSection(SolutionConfigurationPlatforms) = preSolution
		Debug|Any CPU = Debug|Any CPU
		Release|Any CPU = Release|Any CPU
	EndGlobalSection
	GlobalSection(ProjectConfigurationPlatforms) = postSolution
		{3DB84722-2367-4A21-B7A0-8C9BC62A5B6F}.Debug|Any CPU.ActiveCfg = Debug|Any CPU
		{3DB84722-2367-4A21-B7A0-8C9BC62A5B6F}.Debug|Any CPU.Build.0 = Debug|Any CPU
		{3DB84722-2367-4A21-B7A0-8C9BC62A5B6F}.Release|Any CPU.ActiveCfg = Release|Any CPU
		{3DB84722-2367-4A21-B7A0-8C9BC62A5B6F}.Release|Any CPU.Build.0 = Release|Any CPU
		{730A7284-59FA-417F-9B5B-8653920C4FDE}.Debug|Any CPU.ActiveCfg = Debug|Any CPU
		{730A7284-59FA-417F-9B5B-8653920C4FDE}.Debug|Any CPU.Build.0 = Debug|Any CPU
		{730A7284-59FA-417F-9B5B-8653920C4FDE}.Release|Any CPU.ActiveCfg = Release|Any CPU
		{730A7284-59FA-417F-9B5B-8653920C4FDE}.Release|Any CPU.Build.0 = Release|Any CPU
	EndGlobalSection
	GlobalSection(SolutionProperties) = preSolution
		HideSolutionNode = FALSE
	EndGlobalSection
	GlobalSection(ExtensibilityGlobals) = postSolution
		SolutionGuid = {9556487E-D847-4481-8886-701E50A7FF4B}
	EndGlobalSection
EndGlobal
